
Microsoft Visual Studio Solution File, Format Version 12.00
# Visual Studio Version 17
VisualStudioVersion = 17.9.34622.214
MinimumVisualStudioVersion = 10.0.40219.1
Project("{9A19103F-16F7-4668-BE54-9A1E7A4F7556}") = "TrianguloHeron", "TrianguloHeron\TrianguloHeron.csproj", "{B31DBFDF-5172-49A6-B9CB-27A7000CDB54}"
EndProject
Project("{9A19103F-16F7-4668-BE54-9A1E7A4F7556}") = "TrianguloHeronOO", "TianguloHeronOO\TrianguloHeronOO.csproj", "{E3A7050C-33D1-4263-9051-5D7EFDE58761}"
EndProject
Project("{9A19103F-16F7-4668-BE54-9A1E7A4F7556}") = "PrimeirosExercicios", "PrimeirosExercicios\PrimeirosExercicios.csproj", "{B47003F8-4FCC-4AED-840E-A7A5E078BF62}"
EndProject
Project("{9A19103F-16F7-4668-BE54-9A1E7A4F7556}") = "Estoque", "Estoque\Estoque.csproj", "{4BCF8143-E9C0-49F0-A4D6-C64F15CF6903}"
EndProject
Project("{9A19103F-16F7-4668-BE54-9A1E7A4F7556}") = "EstoqueRefactor", "EstoqueRefactor\EstoqueRefactor.csproj", "{BD5D852A-72AD-4C2F-B85C-8664A8ED9A77}"
EndProject
Project("{9A19103F-16F7-4668-BE54-9A1E7A4F7556}") = "CalculoRetangulo", "CalculoTriangulo\CalculoRetangulo.csproj", "{DD80F184-5895-4162-BC5B-7DD8AFF5602D}"
EndProject
Project("{FAE04EC0-301F-11D3-BF4B-00C04F79EFBC}") = "CadastroFuncionario", "CadastroFuncionario\CadastroFuncionario.csproj", "{7A803923-DE9A-4369-961A-A537EF9A3E12}"
EndProject
Global
	GlobalSection(SolutionConfigurationPlatforms) = preSolution
		Debug|Any CPU = Debug|Any CPU
		Release|Any CPU = Release|Any CPU
	EndGlobalSection
	GlobalSection(ProjectConfigurationPlatforms) = postSolution
		{B31DBFDF-5172-49A6-B9CB-27A7000CDB54}.Debug|Any CPU.ActiveCfg = Debug|Any CPU
		{B31DBFDF-5172-49A6-B9CB-27A7000CDB54}.Debug|Any CPU.Build.0 = Debug|Any CPU
		{B31DBFDF-5172-49A6-B9CB-27A7000CDB54}.Release|Any CPU.ActiveCfg = Release|Any CPU
		{B31DBFDF-5172-49A6-B9CB-27A7000CDB54}.Release|Any CPU.Build.0 = Release|Any CPU
		{E3A7050C-33D1-4263-9051-5D7EFDE58761}.Debug|Any CPU.ActiveCfg = Debug|Any CPU
		{E3A7050C-33D1-4263-9051-5D7EFDE58761}.Debug|Any CPU.Build.0 = Debug|Any CPU
		{E3A7050C-33D1-4263-9051-5D7EFDE58761}.Release|Any CPU.ActiveCfg = Release|Any CPU
		{E3A7050C-33D1-4263-9051-5D7EFDE58761}.Release|Any CPU.Build.0 = Release|Any CPU
		{B47003F8-4FCC-4AED-840E-A7A5E078BF62}.Debug|Any CPU.ActiveCfg = Debug|Any CPU
		{B47003F8-4FCC-4AED-840E-A7A5E078BF62}.Debug|Any CPU.Build.0 = Debug|Any CPU
		{B47003F8-4FCC-4AED-840E-A7A5E078BF62}.Release|Any CPU.ActiveCfg = Release|Any CPU
		{B47003F8-4FCC-4AED-840E-A7A5E078BF62}.Release|Any CPU.Build.0 = Release|Any CPU
		{4BCF8143-E9C0-49F0-A4D6-C64F15CF6903}.Debug|Any CPU.ActiveCfg = Debug|Any CPU
		{4BCF8143-E9C0-49F0-A4D6-C64F15CF6903}.Debug|Any CPU.Build.0 = Debug|Any CPU
		{4BCF8143-E9C0-49F0-A4D6-C64F15CF6903}.Release|Any CPU.ActiveCfg = Release|Any CPU
		{4BCF8143-E9C0-49F0-A4D6-C64F15CF6903}.Release|Any CPU.Build.0 = Release|Any CPU
		{BD5D852A-72AD-4C2F-B85C-8664A8ED9A77}.Debug|Any CPU.ActiveCfg = Debug|Any CPU
		{BD5D852A-72AD-4C2F-B85C-8664A8ED9A77}.Debug|Any CPU.Build.0 = Debug|Any CPU
		{BD5D852A-72AD-4C2F-B85C-8664A8ED9A77}.Release|Any CPU.ActiveCfg = Release|Any CPU
		{BD5D852A-72AD-4C2F-B85C-8664A8ED9A77}.Release|Any CPU.Build.0 = Release|Any CPU
		{DD80F184-5895-4162-BC5B-7DD8AFF5602D}.Debug|Any CPU.ActiveCfg = Debug|Any CPU
		{DD80F184-5895-4162-BC5B-7DD8AFF5602D}.Debug|Any CPU.Build.0 = Debug|Any CPU
		{DD80F184-5895-4162-BC5B-7DD8AFF5602D}.Release|Any CPU.ActiveCfg = Release|Any CPU
		{DD80F184-5895-4162-BC5B-7DD8AFF5602D}.Release|Any CPU.Build.0 = Release|Any CPU
		{7A803923-DE9A-4369-961A-A537EF9A3E12}.Debug|Any CPU.ActiveCfg = Debug|Any CPU
		{7A803923-DE9A-4369-961A-A537EF9A3E12}.Debug|Any CPU.Build.0 = Debug|Any CPU
		{7A803923-DE9A-4369-961A-A537EF9A3E12}.Release|Any CPU.ActiveCfg = Release|Any CPU
		{7A803923-DE9A-4369-961A-A537EF9A3E12}.Release|Any CPU.Build.0 = Release|Any CPU
	EndGlobalSection
	GlobalSection(SolutionProperties) = preSolution
		HideSolutionNode = FALSE
	EndGlobalSection
	GlobalSection(ExtensibilityGlobals) = postSolution
		SolutionGuid = {E5D1E95D-79E2-4EC7-B5AB-ECC3CE188648}
	EndGlobalSection
EndGlobal
